github.com/coder/websocket v1.8.14 h1:9L0p0iKiNOibykf283eHkKUHHrpG7f65OE3BhhO7v9g=
github.com/coder/websocket v1.8.14/go.mod h1:NX3SzP+inril6yawo5CQXx8+fk145lPDC6pumgx0mVg=
github.com/webermarci/sup v0.0.45 h1:A0NauhVPD2OfnZE8ciVx430Dd82rLzV0y48/kSVwR1s=
github.com/webermarci/sup v0.0.45/go.mod h1:PQV60WGu7EQ16a8K6nvaKkBQMlnhO6Z/JQV0vRUdwx4=
