github.com/coder/websocket v1.8.15 h1:6B2JPeOGlpff2Uz6vOEH1Vzpi0iUz20A+lPVhPHtNUA=
github.com/coder/websocket v1.8.15/go.mod h1:NX3SzP+inril6yawo5CQXx8+fk145lPDC6pumgx0mVg=
github.com/webermarci/sup v0.0.66 h1:Zip4X6MPbBT6XtpLr7HZO5TAivO9AeseD+9eXJpIbTw=
github.com/webermarci/sup v0.0.66/go.mod h1:yuYJWYw46ZXu1AUMKHs6BUCo563QQigQMInHPjOUlek=
